// !$*UTF8*$!
{
	archiveVersion = 1;
	classes = {
	};
	objectVersion = 46;
	objects = {

/* Begin PBXBuildFile section */
		BF3646921F8CD1FE00114DEA /* AppDelegate.swift in Sources */ = {isa = PBXBuildFile; fileRef = BF3646911F8CD1FE00114DEA /* AppDelegate.swift */; };
		BF3646941F8CD1FE00114DEA /* ViewController.swift in Sources */ = {isa = PBXBuildFile; fileRef = BF3646931F8CD1FE00114DEA /* ViewController.swift */; };
		BF3646971F8CD1FE00114DEA /* Main.storyboard in Resources */ = {isa = PBXBuildFile; fileRef = BF3646951F8CD1FE00114DEA /* Main.storyboard */; };
		BF3646991F8CD1FE00114DEA /* Assets.xcassets in Resources */ = {isa = PBXBuildFile; fileRef = BF3646981F8CD1FE00114DEA /* Assets.xcassets */; };
		BF36469C1F8CD1FE00114DEA /* LaunchScreen.storyboard in Resources */ = {isa = PBXBuildFile; fileRef = BF36469A1F8CD1FE00114DEA /* LaunchScreen.storyboard */; };
		BF439D821F8F983100D1E3B4 /* fan.mlmodel in Sources */ = {isa = PBXBuildFile; fileRef = BF439D811F8F983100D1E3B4 /* fan.mlmodel */; };
		BF439D841F8F985000D1E3B4 /* test500.mlmodel in Sources */ = {isa = PBXBuildFile; fileRef = BF439D831F8F985000D1E3B4 /* test500.mlmodel */; };
		BF43A0661F90BC5600D1E3B4 /* testPerspective1.mlmodel in Sources */ = {isa = PBXBuildFile; fileRef = BF43A0651F90BC5500D1E3B4 /* testPerspective1.mlmodel */; };
		BF49CF9A1F8D2CFC00DF016A /* FrameExtractor.swift in Sources */ = {isa = PBXBuildFile; fileRef = BF49CF991F8D2CFC00DF016A /* FrameExtractor.swift */; };
		BF5A44D81F8E5E9D00849796 /* fan3.mlmodel in Sources */ = {isa = PBXBuildFile; fileRef = BF5A44D71F8E5E9D00849796 /* fan3.mlmodel */; };
		BFA5E0B31FA20EC1008BA0D6 /* MobileNet.mlmodel in Sources */ = {isa = PBXBuildFile; fileRef = BFA5E0B21FA20EC1008BA0D6 /* MobileNet.mlmodel */; };
		BFBB26D41F8E507B00B114CC /* food.mlmodel in Sources */ = {isa = PBXBuildFile; fileRef = BFBB26D11F8E4B9900B114CC /* food.mlmodel */; };
		BFBB26D61F8E508100B114CC /* fan2.mlmodel in Sources */ = {isa = PBXBuildFile; fileRef = BFBB26D01F8E4B8D00B114CC /* fan2.mlmodel */; };
/* End PBXBuildFile section */

/* Begin PBXFileReference section */
		BF36468E1F8CD1FE00114DEA /* FanFinder.app */ = {isa = PBXFileReference; explicitFileType = wrapper.application; includeInIndex = 0; path = FanFinder.app; sourceTree = BUILT_PRODUCTS_DIR; };
		BF3646911F8CD1FE00114DEA /* AppDelegate.swift */ = {isa = PBXFileReference; lastKnownFileType = sourcecode.swift; path = AppDelegate.swift; sourceTree = "<group>"; };
		BF3646931F8CD1FE00114DEA /* ViewController.swift */ = {isa = PBXFileReference; lastKnownFileType = sourcecode.swift; path = ViewController.swift; sourceTree = "<group>"; };
		BF3646961F8CD1FE00114DEA /* Base */ = {isa = PBXFileReference; lastKnownFileType = file.storyboard; name = Base; path = Base.lproj/Main.storyboard; sourceTree = "<group>"; };
		BF3646981F8CD1FE00114DEA /* Assets.xcassets */ = {isa = PBXFileReference; lastKnownFileType = folder.assetcatalog; path = Assets.xcassets; sourceTree = "<group>"; };
		BF36469B1F8CD1FE00114DEA /* Base */ = {isa = PBXFileReference; lastKnownFileType = file.storyboard; name = Base; path = Base.lproj/LaunchScreen.storyboard; sourceTree = "<group>"; };
		BF36469D1F8CD1FE00114DEA /* Info.plist */ = {isa = PBXFileReference; lastKnownFileType = text.plist.xml; path = Info.plist; sourceTree = "<group>"; };
		BF439D811F8F983100D1E3B4 /* fan.mlmodel */ = {isa = PBXFileReference; lastKnownFileType = file.mlmodel; path = fan.mlmodel; sourceTree = "<group>"; };
		BF439D831F8F985000D1E3B4 /* test500.mlmodel */ = {isa = PBXFileReference; lastKnownFileType = file.mlmodel; path = test500.mlmodel; sourceTree = "<group>"; };
		BF43A0651F90BC5500D1E3B4 /* testPerspective1.mlmodel */ = {isa = PBXFileReference; lastKnownFileType = file.mlmodel; path = testPerspective1.mlmodel; sourceTree = "<group>"; };
		BF49CF991F8D2CFC00DF016A /* FrameExtractor.swift */ = {isa = PBXFileReference; lastKnownFileType = sourcecode.swift; path = FrameExtractor.swift; sourceTree = "<group>"; };
		BF5A44D71F8E5E9D00849796 /* fan3.mlmodel */ = {isa = PBXFileReference; lastKnownFileType = file.mlmodel; path = fan3.mlmodel; sourceTree = "<group>"; };
		BFA5E0B21FA20EC1008BA0D6 /* MobileNet.mlmodel */ = {isa = PBXFileReference; lastKnownFileType = file.mlmodel; path = MobileNet.mlmodel; sourceTree = "<group>"; };
		BFBB26D01F8E4B8D00B114CC /* fan2.mlmodel */ = {isa = PBXFileReference; lastKnownFileType = file.mlmodel; path = fan2.mlmodel; sourceTree = "<group>"; };
		BFBB26D11F8E4B9900B114CC /* food.mlmodel */ = {isa = PBXFileReference; lastKnownFileType = file.mlmodel; path = food.mlmodel; sourceTree = "<group>"; };
/* End PBXFileReference section */

/* Begin PBXFrameworksBuildPhase section */
		BF36468B1F8CD1FE00114DEA /* Frameworks */ = {
			isa = PBXFrameworksBuildPhase;
			buildActionMask = 2147483647;
			files = (
			);
			runOnlyForDeploymentPostprocessing = 0;
		};
/* End PBXFrameworksBuildPhase section */

/* Begin PBXGroup section */
		BF3646851F8CD1FE00114DEA = {
			isa = PBXGroup;
			children = (
				BF3646901F8CD1FE00114DEA /* FanFinder */,
				BF36468F1F8CD1FE00114DEA /* Products */,
			);
			sourceTree = "<group>";
		};
		BF36468F1F8CD1FE00114DEA /* Products */ = {
			isa = PBXGroup;
			children = (
				BF36468E1F8CD1FE00114DEA /* FanFinder.app */,
			);
			name = Products;
			sourceTree = "<group>";
		};
		BF3646901F8CD1FE00114DEA /* FanFinder */ = {
			isa = PBXGroup;
			children = (
				BF49CF991F8D2CFC00DF016A /* FrameExtractor.swift */,
				BFBB26D81F8E50A000B114CC /* models */,
				BF3646911F8CD1FE00114DEA /* AppDelegate.swift */,
				BF3646931F8CD1FE00114DEA /* ViewController.swift */,
				BF3646951F8CD1FE00114DEA /* Main.storyboard */,
				BF3646981F8CD1FE00114DEA /* Assets.xcassets */,
				BF36469A1F8CD1FE00114DEA /* LaunchScreen.storyboard */,
				BF36469D1F8CD1FE00114DEA /* Info.plist */,
			);
			path = FanFinder;
			sourceTree = "<group>";
		};
		BFBB26D81F8E50A000B114CC /* models */ = {
			isa = PBXGroup;
			children = (
				BF43A0651F90BC5500D1E3B4 /* testPerspective1.mlmodel */,
				BFA5E0B21FA20EC1008BA0D6 /* MobileNet.mlmodel */,
				BF439D811F8F983100D1E3B4 /* fan.mlmodel */,
				BF5A44D71F8E5E9D00849796 /* fan3.mlmodel */,
				BF439D831F8F985000D1E3B4 /* test500.mlmodel */,
				BFBB26D11F8E4B9900B114CC /* food.mlmodel */,
				BFBB26D01F8E4B8D00B114CC /* fan2.mlmodel */,
			);
			path = models;
			sourceTree = "<group>";
		};
/* End PBXGroup section */

/* Begin PBXNativeTarget section */
		BF36468D1F8CD1FE00114DEA /* FanFinder */ = {
			isa = PBXNativeTarget;
			buildConfigurationList = BF3646A01F8CD1FE00114DEA /* Build configuration list for PBXNativeTarget "FanFinder" */;
			buildPhases = (
				BF36468A1F8CD1FE00114DEA /* Sources */,
				BF36468B1F8CD1FE00114DEA /* Frameworks */,
				BF36468C1F8CD1FE00114DEA /* Resources */,
			);
			buildRules = (
			);
			dependencies = (
			);
			name = FanFinder;
			productName = FanFinder;
			productReference = BF36468E1F8CD1FE00114DEA /* FanFinder.app */;
			productType = "com.apple.product-type.application";
		};
/* End PBXNativeTarget section */

/* Begin PBXProject section */
		BF3646861F8CD1FE00114DEA /* Project object */ = {
			isa = PBXProject;
			attributes = {
				LastSwiftUpdateCheck = 0830;
				LastUpgradeCheck = 0830;
				ORGANIZATIONNAME = "Navitas GmbH";
				TargetAttributes = {
					BF36468D1F8CD1FE00114DEA = {
						CreatedOnToolsVersion = 8.3.3;
						DevelopmentTeam = U7EA97SZTN;
						ProvisioningStyle = Automatic;
					};
				};
			};
			buildConfigurationList = BF3646891F8CD1FE00114DEA /* Build configuration list for PBXProject "FanFinder" */;
			compatibilityVersion = "Xcode 3.2";
			developmentRegion = English;
			hasScannedForEncodings = 0;
			knownRegions = (
				en,
				Base,
			);
			mainGroup = BF3646851F8CD1FE00114DEA;
			productRefGroup = BF36468F1F8CD1FE00114DEA /* Products */;
			projectDirPath = "";
			projectRoot = "";
			targets = (
				BF36468D1F8CD1FE00114DEA /* FanFinder */,
			);
		};
/* End PBXProject section */

/* Begin PBXResourcesBuildPhase section */
		BF36468C1F8CD1FE00114DEA /* Resources */ = {
			isa = PBXResourcesBuildPhase;
			buildActionMask = 2147483647;
			files = (
				BF36469C1F8CD1FE00114DEA /* LaunchScreen.storyboard in Resources */,
				BF3646991F8CD1FE00114DEA /* Assets.xcassets in Resources */,
				BF3646971F8CD1FE00114DEA /* Main.storyboard in Resources */,
			);
			runOnlyForDeploymentPostprocessing = 0;
		};
/* End PBXResourcesBuildPhase section */

/* Begin PBXSourcesBuildPhase section */
		BF36468A1F8CD1FE00114DEA /* Sources */ = {
			isa = PBXSourcesBuildPhase;
			buildActionMask = 2147483647;
			files = (
				BF439D821F8F983100D1E3B4 /* fan.mlmodel in Sources */,
				BFBB26D41F8E507B00B114CC /* food.mlmodel in Sources */,
				BF3646941F8CD1FE00114DEA /* ViewController.swift in Sources */,
				BF49CF9A1F8D2CFC00DF016A /* FrameExtractor.swift in Sources */,
				BF439D841F8F985000D1E3B4 /* test500.mlmodel in Sources */,
				BF3646921F8CD1FE00114DEA /* AppDelegate.swift in Sources */,
				BFA5E0B31FA20EC1008BA0D6 /* MobileNet.mlmodel in Sources */,
				BF5A44D81F8E5E9D00849796 /* fan3.mlmodel in Sources */,
				BFBB26D61F8E508100B114CC /* fan2.mlmodel in Sources */,
				BF43A0661F90BC5600D1E3B4 /* testPerspective1.mlmodel in Sources */,
			);
			runOnlyForDeploymentPostprocessing = 0;
		};
/* End PBXSourcesBuildPhase section */

/* Begin PBXVariantGroup section */
		BF3646951F8CD1FE00114DEA /* Main.storyboard */ = {
			isa = PBXVariantGroup;
			children = (
				BF3646961F8CD1FE00114DEA /* Base */,
			);
			name = Main.storyboard;
			sourceTree = "<group>";
		};
		BF36469A1F8CD1FE00114DEA /* LaunchScreen.storyboard */ = {
			isa = PBXVariantGroup;
			children = (
				BF36469B1F8CD1FE00114DEA /* Base */,
			);
			name = LaunchScreen.storyboard;
			sourceTree = "<group>";
		};
/* End PBXVariantGroup section */

/* Begin XCBuildConfiguration section */
		BF36469E1F8CD1FE00114DEA /* Debug */ = {
			isa = XCBuildConfiguration;
			buildSettings = {
				ALWAYS_SEARCH_USER_PATHS = NO;
				CLANG_ANALYZER_NONNULL = YES;
				CLANG_ANALYZER_NUMBER_OBJECT_CONVERSION = YES_AGGRESSIVE;
				CLANG_CXX_LANGUAGE_STANDARD = "gnu++0x";
				CLANG_CXX_LIBRARY = "libc++";
				CLANG_ENABLE_MODULES = YES;
				CLANG_ENABLE_OBJC_ARC = YES;
				CLANG_WARN_BOOL_CONVERSION = YES;
				CLANG_WARN_CONSTANT_CONVERSION = YES;
				CLANG_WARN_DIRECT_OBJC_ISA_USAGE = YES_ERROR;
				CLANG_WARN_DOCUMENTATION_COMMENTS = YES;
				CLANG_WARN_EMPTY_BODY = YES;
				CLANG_WARN_ENUM_CONVERSION = YES;
				CLANG_WARN_INFINITE_RECURSION = YES;
				CLANG_WARN_INT_CONVERSION = YES;
				CLANG_WARN_OBJC_ROOT_CLASS = YES_ERROR;
				CLANG_WARN_SUSPICIOUS_MOVE = YES;
				CLANG_WARN_UNREACHABLE_CODE = YES;
				CLANG_WARN__DUPLICATE_METHOD_MATCH = YES;
				"CODE_SIGN_IDENTITY[sdk=iphoneos*]" = "iPhone Developer";
				COPY_PHASE_STRIP = NO;
				DEBUG_INFORMATION_FORMAT = dwarf;
				ENABLE_STRICT_OBJC_MSGSEND = YES;
				ENABLE_TESTABILITY = YES;
				GCC_C_LANGUAGE_STANDARD = gnu99;
				GCC_DYNAMIC_NO_PIC = NO;
				GCC_NO_COMMON_BLOCKS = YES;
				GCC_OPTIMIZATION_LEVEL = 0;
				GCC_PREPROCESSOR_DEFINITIONS = (
					"DEBUG=1",
					"$(inherited)",
				);
				GCC_WARN_64_TO_32_BIT_CONVERSION = YES;
				GCC_WARN_ABOUT_RETURN_TYPE = YES_ERROR;
				GCC_WARN_UNDECLARED_SELECTOR = YES;
				GCC_WARN_UNINITIALIZED_AUTOS = YES_AGGRESSIVE;
				GCC_WARN_UNUSED_FUNCTION = YES;
				GCC_WARN_UNUSED_VARIABLE = YES;
				IPHONEOS_DEPLOYMENT_TARGET = 10.3;
				MTL_ENABLE_DEBUG_INFO = YES;
				ONLY_ACTIVE_ARCH = YES;
				SDKROOT = iphoneos;
				SWIFT_ACTIVE_COMPILATION_CONDITIONS = DEBUG;
				SWIFT_OPTIMIZATION_LEVEL = "-Onone";
				TARGETED_DEVICE_FAMILY = "1,2";
			};
			name = Debug;
		};
		BF36469F1F8CD1FE00114DEA /* Release */ = {
			isa = XCBuildConfiguration;
			buildSettings = {
				ALWAYS_SEARCH_USER_PATHS = NO;
				CLANG_ANALYZER_NONNULL = YES;
				CLANG_ANALYZER_NUMBER_OBJECT_CONVERSION = YES_AGGRESSIVE;
				CLANG_CXX_LANGUAGE_STANDARD = "gnu++0x";
				CLANG_CXX_LIBRARY = "libc++";
				CLANG_ENABLE_MODULES = YES;
				CLANG_ENABLE_OBJC_ARC = YES;
				CLANG_WARN_BOOL_CONVERSION = YES;
				CLANG_WARN_CONSTANT_CONVERSION = YES;
				CLANG_WARN_DIRECT_OBJC_ISA_USAGE = YES_ERROR;
				CLANG_WARN_DOCUMENTATION_COMMENTS = YES;
				CLANG_WARN_EMPTY_BODY = YES;
				CLANG_WARN_ENUM_CONVERSION = YES;
				CLANG_WARN_INFINITE_RECURSION = YES;
				CLANG_WARN_INT_CONVERSION = YES;
				CLANG_WARN_OBJC_ROOT_CLASS = YES_ERROR;
				CLANG_WARN_SUSPICIOUS_MOVE = YES;
				CLANG_WARN_UNREACHABLE_CODE = YES;
				CLANG_WARN__DUPLICATE_METHOD_MATCH = YES;
				"CODE_SIGN_IDENTITY[sdk=iphoneos*]" = "iPhone Developer";
				COPY_PHASE_STRIP = NO;
				DEBUG_INFORMATION_FORMAT = "dwarf-with-dsym";
				ENABLE_NS_ASSERTIONS = NO;
				ENABLE_STRICT_OBJC_MSGSEND = YES;
				GCC_C_LANGUAGE_STANDARD = gnu99;
				GCC_NO_COMMON_BLOCKS = YES;
				GCC_WARN_64_TO_32_BIT_CONVERSION = YES;
				GCC_WARN_ABOUT_RETURN_TYPE = YES_ERROR;
				GCC_WARN_UNDECLARED_SELECTOR = YES;
				GCC_WARN_UNINITIALIZED_AUTOS = YES_AGGRESSIVE;
				GCC_WARN_UNUSED_FUNCTION = YES;
				GCC_WARN_UNUSED_VARIABLE = YES;
				IPHONEOS_DEPLOYMENT_TARGET = 10.3;
				MTL_ENABLE_DEBUG_INFO = NO;
				SDKROOT = iphoneos;
				SWIFT_OPTIMIZATION_LEVEL = "-Owholemodule";
				TARGETED_DEVICE_FAMILY = "1,2";
				VALIDATE_PRODUCT = YES;
			};
			name = Release;
		};
		BF3646A11F8CD1FE00114DEA /* Debug */ = {
			isa = XCBuildConfiguration;
			buildSettings = {
				ASSETCATALOG_COMPILER_APPICON_NAME = AppIcon;
				DEVELOPMENT_TEAM = U7EA97SZTN;
				INFOPLIST_FILE = FanFinder/Info.plist;
				IPHONEOS_DEPLOYMENT_TARGET = 11.0;
				LD_RUNPATH_SEARCH_PATHS = "$(inherited) @executable_path/Frameworks";
				PRODUCT_BUNDLE_IDENTIFIER = de.navitas.FanFinder;
				PRODUCT_NAME = "$(TARGET_NAME)";
				SWIFT_VERSION = 4.0;
			};
			name = Debug;
		};
		BF3646A21F8CD1FE00114DEA /* Release */ = {
			isa = XCBuildConfiguration;
			buildSettings = {
				ASSETCATALOG_COMPILER_APPICON_NAME = AppIcon;
				DEVELOPMENT_TEAM = U7EA97SZTN;
				INFOPLIST_FILE = FanFinder/Info.plist;
				IPHONEOS_DEPLOYMENT_TARGET = 11.0;
				LD_RUNPATH_SEARCH_PATHS = "$(inherited) @executable_path/Frameworks";
				PRODUCT_BUNDLE_IDENTIFIER = de.navitas.FanFinder;
				PRODUCT_NAME = "$(TARGET_NAME)";
				SWIFT_VERSION = 4.0;
			};
			name = Release;
		};
/* End XCBuildConfiguration section */

/* Begin XCConfigurationList section */
		BF3646891F8CD1FE00114DEA /* Build configuration list for PBXProject "FanFinder" */ = {
			isa = XCConfigurationList;
			buildConfigurations = (
				BF36469E1F8CD1FE00114DEA /* Debug */,
				BF36469F1F8CD1FE00114DEA /* Release */,
			);
			defaultConfigurationIsVisible = 0;
			defaultConfigurationName = Release;
		};
		BF3646A01F8CD1FE00114DEA /* Build configuration list for PBXNativeTarget "FanFinder" */ = {
			isa = XCConfigurationList;
			buildConfigurations = (
				BF3646A11F8CD1FE00114DEA /* Debug */,
				BF3646A21F8CD1FE00114DEA /* Release */,
			);
			defaultConfigurationIsVisible = 0;
			defaultConfigurationName = Release;
		};
/* End XCConfigurationList section */
	};
	rootObject = BF3646861F8CD1FE00114DEA /* Project object */;
}
